
Microsoft Visual Studio Solution File, Format Version 12.00
# Visual Studio Version 16
VisualStudioVersion = 16.0.32106.194
MinimumVisualStudioVersion = 10.0.40219.1
Project("{FAE04EC0-301F-11D3-BF4B-00C04F79EFBC}") = "Webshop", "Webshop\Webshop.csproj", "{C77169EF-C385-4057-B7D4-80100E5A3117}"
EndProject
Global
	GlobalSection(SolutionConfigurationPlatforms) = preSolution
		Debug|Any CPU = Debug|Any CPU
		Release|Any CPU = Release|Any CPU
	EndGlobalSection
	GlobalSection(ProjectConfigurationPlatforms) = postSolution
		{C77169EF-C385-4057-B7D4-80100E5A3117}.Debug|Any CPU.ActiveCfg = Debug|Any CPU
		{C77169EF-C385-4057-B7D4-80100E5A3117}.Debug|Any CPU.Build.0 = Debug|Any CPU
		{C77169EF-C385-4057-B7D4-80100E5A3117}.Release|Any CPU.ActiveCfg = Release|Any CPU
		{C77169EF-C385-4057-B7D4-80100E5A3117}.Release|Any CPU.Build.0 = Release|Any CPU
	EndGlobalSection
	GlobalSection(SolutionProperties) = preSolution
		HideSolutionNode = FALSE
	EndGlobalSection
	GlobalSection(ExtensibilityGlobals) = postSolution
		SolutionGuid = {F31CF25E-531B-480A-A7C4-68BFBDE3CFF0}
	EndGlobalSection
EndGlobal
